
Microsoft Visual Studio Solution File, Format Version 12.00
# Visual Studio Version 17
VisualStudioVersion = 17.9.34723.18
MinimumVisualStudioVersion = 10.0.40219.1
Project("{FAE04EC0-301F-11D3-BF4B-00C04F79EFBC}") = "JWT", "JWT\JWT.csproj", "{3C5BB730-7E3E-46D8-8F5C-257C8B22BCE1}"
EndProject
Global
	GlobalSection(SolutionConfigurationPlatforms) = preSolution
		Debug|Any CPU = Debug|Any CPU
		Release|Any CPU = Release|Any CPU
	EndGlobalSection
	GlobalSection(ProjectConfigurationPlatforms) = postSolution
		{3C5BB730-7E3E-46D8-8F5C-257C8B22BCE1}.Debug|Any CPU.ActiveCfg = Debug|Any CPU
		{3C5BB730-7E3E-46D8-8F5C-257C8B22BCE1}.Debug|Any CPU.Build.0 = Debug|Any CPU
		{3C5BB730-7E3E-46D8-8F5C-257C8B22BCE1}.Release|Any CPU.ActiveCfg = Release|Any CPU
		{3C5BB730-7E3E-46D8-8F5C-257C8B22BCE1}.Release|Any CPU.Build.0 = Release|Any CPU
	EndGlobalSection
	GlobalSection(SolutionProperties) = preSolution
		HideSolutionNode = FALSE
	EndGlobalSection
	GlobalSection(ExtensibilityGlobals) = postSolution
		SolutionGuid = {0F344093-B79C-4AD9-99BA-034A448B61BB}
	EndGlobalSection
EndGlobal
