
Microsoft Visual Studio Solution File, Format Version 12.00
# Visual Studio Version 17
VisualStudioVersion = 17.9.34723.18
MinimumVisualStudioVersion = 10.0.40219.1
Project("{FAE04EC0-301F-11D3-BF4B-00C04F79EFBC}") = "layout_temaplate", "layout_temaplate\layout_temaplate.csproj", "{8D4D189D-038D-4EBA-B38E-50B18ABD29A3}"
EndProject
Global
	GlobalSection(SolutionConfigurationPlatforms) = preSolution
		Debug|Any CPU = Debug|Any CPU
		Release|Any CPU = Release|Any CPU
	EndGlobalSection
	GlobalSection(ProjectConfigurationPlatforms) = postSolution
		{8D4D189D-038D-4EBA-B38E-50B18ABD29A3}.Debug|Any CPU.ActiveCfg = Debug|Any CPU
		{8D4D189D-038D-4EBA-B38E-50B18ABD29A3}.Debug|Any CPU.Build.0 = Debug|Any CPU
		{8D4D189D-038D-4EBA-B38E-50B18ABD29A3}.Release|Any CPU.ActiveCfg = Release|Any CPU
		{8D4D189D-038D-4EBA-B38E-50B18ABD29A3}.Release|Any CPU.Build.0 = Release|Any CPU
	EndGlobalSection
	GlobalSection(SolutionProperties) = preSolution
		HideSolutionNode = FALSE
	EndGlobalSection
	GlobalSection(ExtensibilityGlobals) = postSolution
		SolutionGuid = {04441C6B-2CD0-4E29-9889-20121AD7438B}
	EndGlobalSection
EndGlobal
