
Microsoft Visual Studio Solution File, Format Version 12.00
# Visual Studio Version 17
VisualStudioVersion = 17.9.34723.18
MinimumVisualStudioVersion = 10.0.40219.1
Project("{FAE04EC0-301F-11D3-BF4B-00C04F79EFBC}") = "Authentication", "Authentication\Authentication.csproj", "{F79CC411-E0A2-44C4-80D2-12097764024B}"
EndProject
Global
	GlobalSection(SolutionConfigurationPlatforms) = preSolution
		Debug|Any CPU = Debug|Any CPU
		Release|Any CPU = Release|Any CPU
	EndGlobalSection
	GlobalSection(ProjectConfigurationPlatforms) = postSolution
		{F79CC411-E0A2-44C4-80D2-12097764024B}.Debug|Any CPU.ActiveCfg = Debug|Any CPU
		{F79CC411-E0A2-44C4-80D2-12097764024B}.Debug|Any CPU.Build.0 = Debug|Any CPU
		{F79CC411-E0A2-44C4-80D2-12097764024B}.Release|Any CPU.ActiveCfg = Release|Any CPU
		{F79CC411-E0A2-44C4-80D2-12097764024B}.Release|Any CPU.Build.0 = Release|Any CPU
	EndGlobalSection
	GlobalSection(SolutionProperties) = preSolution
		HideSolutionNode = FALSE
	EndGlobalSection
	GlobalSection(ExtensibilityGlobals) = postSolution
		SolutionGuid = {7CE21F82-295E-4E3B-8B69-10F9BE54B612}
	EndGlobalSection
EndGlobal
